
Microsoft Visual Studio Solution File, Format Version 12.00
# Visual Studio Version 17
VisualStudioVersion = 17.8.34408.163
MinimumVisualStudioVersion = 10.0.40219.1
Project("{FAE04EC0-301F-11D3-BF4B-00C04F79EFBC}") = "CIAbmc", "CIAbmc\CIAbmc.csproj", "{1819C9BF-149B-41BD-A1F6-85435A42E3AC}"
EndProject
Global
	GlobalSection(SolutionConfigurationPlatforms) = preSolution
		Debug|Any CPU = Debug|Any CPU
		Release|Any CPU = Release|Any CPU
	EndGlobalSection
	GlobalSection(ProjectConfigurationPlatforms) = postSolution
		{1819C9BF-149B-41BD-A1F6-85435A42E3AC}.Debug|Any CPU.ActiveCfg = Debug|Any CPU
		{1819C9BF-149B-41BD-A1F6-85435A42E3AC}.Debug|Any CPU.Build.0 = Debug|Any CPU
		{1819C9BF-149B-41BD-A1F6-85435A42E3AC}.Release|Any CPU.ActiveCfg = Release|Any CPU
		{1819C9BF-149B-41BD-A1F6-85435A42E3AC}.Release|Any CPU.Build.0 = Release|Any CPU
	EndGlobalSection
	GlobalSection(SolutionProperties) = preSolution
		HideSolutionNode = FALSE
	EndGlobalSection
	GlobalSection(ExtensibilityGlobals) = postSolution
		SolutionGuid = {A2FE54D4-B3FF-4917-BA43-B65474EF2F4E}
	EndGlobalSection
EndGlobal
